// !$*UTF8*$!
{
	archiveVersion = 1;
	classes = {
	};
	objectVersion = 46;
	objects = {

/* Begin PBXBuildFile section */
		2C67B411C320858579ACCA3D /* libPods-flicksplorer.a in Frameworks */ = {isa = PBXBuildFile; fileRef = A1E120A17F05FA571B34FCF1 /* libPods-flicksplorer.a */; };
		7319119A15D6BC5500366E15 /* person.png in Resources */ = {isa = PBXBuildFile; fileRef = 7319119915D6BC5500366E15 /* person.png */; };
		7319119C15D6C09600366E15 /* Default.png in Resources */ = {isa = PBXBuildFile; fileRef = 7319119B15D6C09600366E15 /* Default.png */; };
		733062811412D98300D6755C /* UIKit.framework in Frameworks */ = {isa = PBXBuildFile; fileRef = 733062801412D98300D6755C /* UIKit.framework */; };
		733062831412D98300D6755C /* Foundation.framework in Frameworks */ = {isa = PBXBuildFile; fileRef = 733062821412D98300D6755C /* Foundation.framework */; };
		733062851412D98300D6755C /* CoreGraphics.framework in Frameworks */ = {isa = PBXBuildFile; fileRef = 733062841412D98300D6755C /* CoreGraphics.framework */; };
		7330628B1412D98300D6755C /* InfoPlist.strings in Resources */ = {isa = PBXBuildFile; fileRef = 733062891412D98300D6755C /* InfoPlist.strings */; };
		7330628D1412D98300D6755C /* main.m in Sources */ = {isa = PBXBuildFile; fileRef = 7330628C1412D98300D6755C /* main.m */; };
		733062911412D98300D6755C /* utilityAppDelegate.m in Sources */ = {isa = PBXBuildFile; fileRef = 733062901412D98300D6755C /* utilityAppDelegate.m */; };
		733062941412D98300D6755C /* MainWindow.xib in Resources */ = {isa = PBXBuildFile; fileRef = 733062921412D98300D6755C /* MainWindow.xib */; };
		733062971412D98300D6755C /* MainViewController.m in Sources */ = {isa = PBXBuildFile; fileRef = 733062961412D98300D6755C /* MainViewController.m */; };
		733062991412D98300D6755C /* MainView.xib in Resources */ = {isa = PBXBuildFile; fileRef = 733062981412D98300D6755C /* MainView.xib */; };
		7330629C1412D98300D6755C /* FlipsideViewController.m in Sources */ = {isa = PBXBuildFile; fileRef = 7330629B1412D98300D6755C /* FlipsideViewController.m */; };
		7330629E1412D98300D6755C /* FlipsideView.xib in Resources */ = {isa = PBXBuildFile; fileRef = 7330629D1412D98300D6755C /* FlipsideView.xib */; };
		73678F2815C432BC0095C7E4 /* CoreLocation.framework in Frameworks */ = {isa = PBXBuildFile; fileRef = 73678F2715C432BC0095C7E4 /* CoreLocation.framework */; };
		73AFC1DB1419AB680062A501 /* Photo.m in Sources */ = {isa = PBXBuildFile; fileRef = 73AFC1DA1419AB680062A501 /* Photo.m */; };
		73C02597143B296C00ADD23F /* InfoViewEx.xib in Resources */ = {isa = PBXBuildFile; fileRef = 73C02596143B296C00ADD23F /* InfoViewEx.xib */; };
		73D36E2815E1661500DD3D05 /* EditViewController.xib in Resources */ = {isa = PBXBuildFile; fileRef = 73D36E2715E1661500DD3D05 /* EditViewController.xib */; };
		73D36E3615E169FE00DD3D05 /* EditViewController.m in Sources */ = {isa = PBXBuildFile; fileRef = 73D36E2A15E1663800DD3D05 /* EditViewController.m */; };
		73E5EDA71416D4C600E7D61F /* CFNetwork.framework in Frameworks */ = {isa = PBXBuildFile; fileRef = 73E5EDA61416D4C600E7D61F /* CFNetwork.framework */; };
		73E5EDD81417850100E7D61F /* MapKit.framework in Frameworks */ = {isa = PBXBuildFile; fileRef = 73E5EDD71417850100E7D61F /* MapKit.framework */; };
		73E5EDDA1417883300E7D61F /* InfoView.xib in Resources */ = {isa = PBXBuildFile; fileRef = 73E5EDD91417883300E7D61F /* InfoView.xib */; };
		73F142FA141BA53D00C12473 /* Session.m in Sources */ = {isa = PBXBuildFile; fileRef = 73F142F9141BA53D00C12473 /* Session.m */; };
		73F1430B141BBAE100C12473 /* 42-photos.png in Resources */ = {isa = PBXBuildFile; fileRef = 73F1430A141BBAE100C12473 /* 42-photos.png */; };
		73F1430F141BBBAB00C12473 /* 179-notepad.png in Resources */ = {isa = PBXBuildFile; fileRef = 73F1430E141BBBAB00C12473 /* 179-notepad.png */; };
		A329700D14237266009CC6E3 /* MBProgressHUD.m in Sources */ = {isa = PBXBuildFile; fileRef = A329700C14237266009CC6E3 /* MBProgressHUD.m */; };
		A346B3DD1427613C000127E8 /* SVWebViewController.bundle in Resources */ = {isa = PBXBuildFile; fileRef = A346B3DA1427613C000127E8 /* SVWebViewController.bundle */; };
		A346B3DE1427613C000127E8 /* SVWebViewController.m in Sources */ = {isa = PBXBuildFile; fileRef = A346B3DC1427613C000127E8 /* SVWebViewController.m */; };
		A346B3E5142763C4000127E8 /* MessageUI.framework in Frameworks */ = {isa = PBXBuildFile; fileRef = A346B3E4142763C4000127E8 /* MessageUI.framework */; };
		A37468AF15DC4E6200767AF8 /* line-globe.png in Resources */ = {isa = PBXBuildFile; fileRef = A37468AE15DC4E6200767AF8 /* line-globe.png */; };
		A385FFCE15DB031E00343461 /* agent.png in Resources */ = {isa = PBXBuildFile; fileRef = A385FFCD15DB031E00343461 /* agent.png */; };
		A385FFD015DB03DB00343461 /* search.png in Resources */ = {isa = PBXBuildFile; fileRef = A385FFCF15DB03DB00343461 /* search.png */; };
		A385FFD215DB048100343461 /* fancy-globe.png in Resources */ = {isa = PBXBuildFile; fileRef = A385FFD115DB048100343461 /* fancy-globe.png */; };
		A385FFD415DB04BF00343461 /* happy-face.png in Resources */ = {isa = PBXBuildFile; fileRef = A385FFD315DB04BF00343461 /* happy-face.png */; };
		A385FFD615DB05A700343461 /* configuration.png in Resources */ = {isa = PBXBuildFile; fileRef = A385FFD515DB05A700343461 /* configuration.png */; };
		A3DC054C1424C787000CF95F /* WEPopoverContainerView.m in Sources */ = {isa = PBXBuildFile; fileRef = A3DC05481424C787000CF95F /* WEPopoverContainerView.m */; };
		A3DC054D1424C787000CF95F /* WEPopoverController.m in Sources */ = {isa = PBXBuildFile; fileRef = A3DC054A1424C787000CF95F /* WEPopoverController.m */; };
		A3DC05611424D636000CF95F /* popoverArrowDown.png in Resources */ = {isa = PBXBuildFile; fileRef = A3DC05571424D636000CF95F /* popoverArrowDown.png */; };
		A3DC05621424D636000CF95F /* popoverArrowDown@2x.png in Resources */ = {isa = PBXBuildFile; fileRef = A3DC05581424D636000CF95F /* popoverArrowDown@2x.png */; };
		A3DC05631424D636000CF95F /* popoverArrowLeft.png in Resources */ = {isa = PBXBuildFile; fileRef = A3DC05591424D636000CF95F /* popoverArrowLeft.png */; };
		A3DC05641424D636000CF95F /* popoverArrowLeft@2x.png in Resources */ = {isa = PBXBuildFile; fileRef = A3DC055A1424D636000CF95F /* popoverArrowLeft@2x.png */; };
		A3DC05651424D636000CF95F /* popoverArrowRight.png in Resources */ = {isa = PBXBuildFile; fileRef = A3DC055B1424D636000CF95F /* popoverArrowRight.png */; };
		A3DC05661424D636000CF95F /* popoverArrowRight@2x.png in Resources */ = {isa = PBXBuildFile; fileRef = A3DC055C1424D636000CF95F /* popoverArrowRight@2x.png */; };
		A3DC05671424D636000CF95F /* popoverArrowUp.png in Resources */ = {isa = PBXBuildFile; fileRef = A3DC055D1424D636000CF95F /* popoverArrowUp.png */; };
		A3DC05681424D636000CF95F /* popoverArrowUp@2x.png in Resources */ = {isa = PBXBuildFile; fileRef = A3DC055E1424D636000CF95F /* popoverArrowUp@2x.png */; };
		A3DC05691424D636000CF95F /* popoverBg.png in Resources */ = {isa = PBXBuildFile; fileRef = A3DC055F1424D636000CF95F /* popoverBg.png */; };
		A3DC056A1424D636000CF95F /* popoverBg@2x.png in Resources */ = {isa = PBXBuildFile; fileRef = A3DC05601424D636000CF95F /* popoverBg@2x.png */; };
		A3EC8EC6141F7B70001E52BD /* PRPTiledLayer.m in Sources */ = {isa = PBXBuildFile; fileRef = A3EC8EC3141F7B70001E52BD /* PRPTiledLayer.m */; };
		A3EC8EC7141F7B70001E52BD /* PRPTileView.m in Sources */ = {isa = PBXBuildFile; fileRef = A3EC8EC5141F7B70001E52BD /* PRPTileView.m */; };
		A3EC8ECA141F7BE0001E52BD /* MediaPlayer.framework in Frameworks */ = {isa = PBXBuildFile; fileRef = A3EC8EC8141F7BE0001E52BD /* MediaPlayer.framework */; };
		A3EC8ECB141F7BE0001E52BD /* QuartzCore.framework in Frameworks */ = {isa = PBXBuildFile; fileRef = A3EC8EC9141F7BE0001E52BD /* QuartzCore.framework */; };
		A3EE4F50142A092F00591E9C /* icon.png in Resources */ = {isa = PBXBuildFile; fileRef = A3EE4F4F142A092F00591E9C /* icon.png */; };
/* End PBXBuildFile section */

/* Begin PBXFileReference section */
		531787BC30215523EB9F7DD7 /* Pods-flicksplorer.debug.xcconfig */ = {isa = PBXFileReference; includeInIndex = 1; lastKnownFileType = text.xcconfig; name = "Pods-flicksplorer.debug.xcconfig"; path = "Pods/Target Support Files/Pods-flicksplorer/Pods-flicksplorer.debug.xcconfig"; sourceTree = "<group>"; };
		7319119915D6BC5500366E15 /* person.png */ = {isa = PBXFileReference; lastKnownFileType = image.png; path = person.png; sourceTree = "<group>"; };
		7319119B15D6C09600366E15 /* Default.png */ = {isa = PBXFileReference; lastKnownFileType = image.png; path = Default.png; sourceTree = "<group>"; };
		7330627C1412D98300D6755C /* flicksplorer.app */ = {isa = PBXFileReference; explicitFileType = wrapper.application; includeInIndex = 0; path = flicksplorer.app; sourceTree = BUILT_PRODUCTS_DIR; };
		733062801412D98300D6755C /* UIKit.framework */ = {isa = PBXFileReference; lastKnownFileType = wrapper.framework; name = UIKit.framework; path = System/Library/Frameworks/UIKit.framework; sourceTree = SDKROOT; };
		733062821412D98300D6755C /* Foundation.framework */ = {isa = PBXFileReference; lastKnownFileType = wrapper.framework; name = Foundation.framework; path = System/Library/Frameworks/Foundation.framework; sourceTree = SDKROOT; };
		733062841412D98300D6755C /* CoreGraphics.framework */ = {isa = PBXFileReference; lastKnownFileType = wrapper.framework; name = CoreGraphics.framework; path = System/Library/Frameworks/CoreGraphics.framework; sourceTree = SDKROOT; };
		733062881412D98300D6755C /* flicksplorer-Info.plist */ = {isa = PBXFileReference; lastKnownFileType = text.plist.xml; path = "flicksplorer-Info.plist"; sourceTree = "<group>"; };
		7330628A1412D98300D6755C /* en */ = {isa = PBXFileReference; lastKnownFileType = text.plist.strings; name = en; path = en.lproj/InfoPlist.strings; sourceTree = "<group>"; };
		7330628C1412D98300D6755C /* main.m */ = {isa = PBXFileReference; lastKnownFileType = sourcecode.c.objc; path = main.m; sourceTree = "<group>"; };
		7330628E1412D98300D6755C /* flicksplorer-Prefix.pch */ = {isa = PBXFileReference; lastKnownFileType = sourcecode.c.h; path = "flicksplorer-Prefix.pch"; sourceTree = "<group>"; };
		7330628F1412D98300D6755C /* utilityAppDelegate.h */ = {isa = PBXFileReference; lastKnownFileType = sourcecode.c.h; path = utilityAppDelegate.h; sourceTree = "<group>"; };
		733062901412D98300D6755C /* utilityAppDelegate.m */ = {isa = PBXFileReference; lastKnownFileType = sourcecode.c.objc; lineEnding = 0; path = utilityAppDelegate.m; sourceTree = "<group>"; xcLanguageSpecificationIdentifier = xcode.lang.objc; };
		733062931412D98300D6755C /* en */ = {isa = PBXFileReference; lastKnownFileType = file.xib; name = en; path = en.lproj/MainWindow.xib; sourceTree = "<group>"; };
		733062951412D98300D6755C /* MainViewController.h */ = {isa = PBXFileReference; lastKnownFileType = sourcecode.c.h; path = MainViewController.h; sourceTree = "<group>"; };
		733062961412D98300D6755C /* MainViewController.m */ = {isa = PBXFileReference; lastKnownFileType = sourcecode.c.objc; lineEnding = 0; path = MainViewController.m; sourceTree = "<group>"; xcLanguageSpecificationIdentifier = xcode.lang.objc; };
		733062981412D98300D6755C /* MainView.xib */ = {isa = PBXFileReference; lastKnownFileType = file.xib; name = MainView.xib; path = utility/MainView.xib; sourceTree = "<group>"; };
		7330629A1412D98300D6755C /* FlipsideViewController.h */ = {isa = PBXFileReference; lastKnownFileType = sourcecode.c.h; path = FlipsideViewController.h; sourceTree = "<group>"; };
		7330629B1412D98300D6755C /* FlipsideViewController.m */ = {isa = PBXFileReference; lastKnownFileType = sourcecode.c.objc; path = FlipsideViewController.m; sourceTree = "<group>"; };
		7330629D1412D98300D6755C /* FlipsideView.xib */ = {isa = PBXFileReference; lastKnownFileType = file.xib; name = FlipsideView.xib; path = utility/FlipsideView.xib; sourceTree = "<group>"; };
		73678F2715C432BC0095C7E4 /* CoreLocation.framework */ = {isa = PBXFileReference; lastKnownFileType = wrapper.framework; name = CoreLocation.framework; path = System/Library/Frameworks/CoreLocation.framework; sourceTree = SDKROOT; };
		73AFC1D91419AB680062A501 /* Photo.h */ = {isa = PBXFileReference; fileEncoding = 4; lastKnownFileType = sourcecode.c.h; path = Photo.h; sourceTree = "<group>"; };
		73AFC1DA1419AB680062A501 /* Photo.m */ = {isa = PBXFileReference; fileEncoding = 4; lastKnownFileType = sourcecode.c.objc; lineEnding = 0; path = Photo.m; sourceTree = "<group>"; xcLanguageSpecificationIdentifier = xcode.lang.objc; };
		73C02596143B296C00ADD23F /* InfoViewEx.xib */ = {isa = PBXFileReference; fileEncoding = 4; lastKnownFileType = file.xib; path = InfoViewEx.xib; sourceTree = "<group>"; };
		73D36E2715E1661500DD3D05 /* EditViewController.xib */ = {isa = PBXFileReference; fileEncoding = 4; lastKnownFileType = file.xib; path = EditViewController.xib; sourceTree = "<group>"; };
		73D36E2915E1663800DD3D05 /* EditViewController.h */ = {isa = PBXFileReference; lastKnownFileType = sourcecode.c.h; path = EditViewController.h; sourceTree = "<group>"; };
		73D36E2A15E1663800DD3D05 /* EditViewController.m */ = {isa = PBXFileReference; lastKnownFileType = sourcecode.c.objc; path = EditViewController.m; sourceTree = "<group>"; };
		73E5EDA61416D4C600E7D61F /* CFNetwork.framework */ = {isa = PBXFileReference; lastKnownFileType = wrapper.framework; name = CFNetwork.framework; path = System/Library/Frameworks/CFNetwork.framework; sourceTree = SDKROOT; };
		73E5EDD71417850100E7D61F /* MapKit.framework */ = {isa = PBXFileReference; lastKnownFileType = wrapper.framework; name = MapKit.framework; path = System/Library/Frameworks/MapKit.framework; sourceTree = SDKROOT; };
		73E5EDD91417883300E7D61F /* InfoView.xib */ = {isa = PBXFileReference; fileEncoding = 4; lastKnownFileType = file.xib; name = InfoView.xib; path = utility/InfoView.xib; sourceTree = "<group>"; };
		73F142F8141BA53D00C12473 /* Session.h */ = {isa = PBXFileReference; fileEncoding = 4; lastKnownFileType = sourcecode.c.h; path = Session.h; sourceTree = "<group>"; };
		73F142F9141BA53D00C12473 /* Session.m */ = {isa = PBXFileReference; fileEncoding = 4; lastKnownFileType = sourcecode.c.objc; lineEnding = 0; path = Session.m; sourceTree = "<group>"; xcLanguageSpecificationIdentifier = xcode.lang.objc; };
		73F1430A141BBAE100C12473 /* 42-photos.png */ = {isa = PBXFileReference; lastKnownFileType = image.png; path = "42-photos.png"; sourceTree = "<group>"; };
		73F1430E141BBBAB00C12473 /* 179-notepad.png */ = {isa = PBXFileReference; lastKnownFileType = image.png; path = "179-notepad.png"; sourceTree = "<group>"; };
		73F2D520146760AC0025E19A /* SystemConfiguration.framework */ = {isa = PBXFileReference; lastKnownFileType = wrapper.framework; name = SystemConfiguration.framework; path = System/Library/Frameworks/SystemConfiguration.framework; sourceTree = SDKROOT; };
		73FDB6A8146750D3005091BF /* en */ = {isa = PBXFileReference; lastKnownFileType = file.xib; name = en; path = "Resources-iPad/utility/en.lproj/MainWindow.xib"; sourceTree = "<group>"; };
		73FDB6A9146750D3005091BF /* MainView.xib */ = {isa = PBXFileReference; lastKnownFileType = file.xib; name = MainView.xib; path = "Resources-iPad/utility/MainView.xib"; sourceTree = "<group>"; };
		73FDB6AA146750D3005091BF /* FlipsideView.xib */ = {isa = PBXFileReference; lastKnownFileType = file.xib; name = FlipsideView.xib; path = "Resources-iPad/utility/FlipsideView.xib"; sourceTree = "<group>"; };
		73FDB6AB146750D3005091BF /* InfoView.xib */ = {isa = PBXFileReference; lastKnownFileType = file.xib; name = InfoView.xib; path = "Resources-iPad/utility/InfoView.xib"; sourceTree = "<group>"; };
		73FDB6AC146750D3005091BF /* InfoViewEx.xib */ = {isa = PBXFileReference; lastKnownFileType = file.xib; name = InfoViewEx.xib; path = "Resources-iPad/InfoViewEx.xib"; sourceTree = "<group>"; };
		A1E120A17F05FA571B34FCF1 /* libPods-flicksplorer.a */ = {isa = PBXFileReference; explicitFileType = archive.ar; includeInIndex = 0; path = "libPods-flicksplorer.a"; sourceTree = BUILT_PRODUCTS_DIR; };
		A329700B14237266009CC6E3 /* MBProgressHUD.h */ = {isa = PBXFileReference; fileEncoding = 4; lastKnownFileType = sourcecode.c.h; path = MBProgressHUD.h; sourceTree = "<group>"; };
		A329700C14237266009CC6E3 /* MBProgressHUD.m */ = {isa = PBXFileReference; fileEncoding = 4; lastKnownFileType = sourcecode.c.objc; path = MBProgressHUD.m; sourceTree = "<group>"; };
		A346B3DA1427613C000127E8 /* SVWebViewController.bundle */ = {isa = PBXFileReference; lastKnownFileType = "wrapper.plug-in"; path = SVWebViewController.bundle; sourceTree = "<group>"; };
		A346B3DB1427613C000127E8 /* SVWebViewController.h */ = {isa = PBXFileReference; fileEncoding = 4; lastKnownFileType = sourcecode.c.h; path = SVWebViewController.h; sourceTree = "<group>"; };
		A346B3DC1427613C000127E8 /* SVWebViewController.m */ = {isa = PBXFileReference; fileEncoding = 4; lastKnownFileType = sourcecode.c.objc; path = SVWebViewController.m; sourceTree = "<group>"; };
		A346B3E4142763C4000127E8 /* MessageUI.framework */ = {isa = PBXFileReference; lastKnownFileType = wrapper.framework; name = MessageUI.framework; path = System/Library/Frameworks/MessageUI.framework; sourceTree = SDKROOT; };
		A37468AE15DC4E6200767AF8 /* line-globe.png */ = {isa = PBXFileReference; lastKnownFileType = image.png; path = "line-globe.png"; sourceTree = "<group>"; };
		A385FFCD15DB031E00343461 /* agent.png */ = {isa = PBXFileReference; lastKnownFileType = image.png; path = agent.png; sourceTree = "<group>"; };
		A385FFCF15DB03DB00343461 /* search.png */ = {isa = PBXFileReference; lastKnownFileType = image.png; path = search.png; sourceTree = "<group>"; };
		A385FFD115DB048100343461 /* fancy-globe.png */ = {isa = PBXFileReference; lastKnownFileType = image.png; path = "fancy-globe.png"; sourceTree = "<group>"; };
		A385FFD315DB04BF00343461 /* happy-face.png */ = {isa = PBXFileReference; lastKnownFileType = image.png; path = "happy-face.png"; sourceTree = "<group>"; };
		A385FFD515DB05A700343461 /* configuration.png */ = {isa = PBXFileReference; lastKnownFileType = image.png; path = configuration.png; sourceTree = "<group>"; };
		A3DC05471424C787000CF95F /* WEPopoverContainerView.h */ = {isa = PBXFileReference; fileEncoding = 4; lastKnownFileType = sourcecode.c.h; path = WEPopoverContainerView.h; sourceTree = "<group>"; };
		A3DC05481424C787000CF95F /* WEPopoverContainerView.m */ = {isa = PBXFileReference; fileEncoding = 4; lastKnownFileType = sourcecode.c.objc; path = WEPopoverContainerView.m; sourceTree = "<group>"; };
		A3DC05491424C787000CF95F /* WEPopoverController.h */ = {isa = PBXFileReference; fileEncoding = 4; lastKnownFileType = sourcecode.c.h; path = WEPopoverController.h; sourceTree = "<group>"; };
		A3DC054A1424C787000CF95F /* WEPopoverController.m */ = {isa = PBXFileReference; fileEncoding = 4; lastKnownFileType = sourcecode.c.objc; lineEnding = 0; path = WEPopoverController.m; sourceTree = "<group>"; xcLanguageSpecificationIdentifier = xcode.lang.objc; };
		A3DC054B1424C787000CF95F /* WEPopoverParentView.h */ = {isa = PBXFileReference; fileEncoding = 4; lastKnownFileType = sourcecode.c.h; path = WEPopoverParentView.h; sourceTree = "<group>"; };
		A3DC05571424D636000CF95F /* popoverArrowDown.png */ = {isa = PBXFileReference; lastKnownFileType = image.png; path = popoverArrowDown.png; sourceTree = "<group>"; };
		A3DC05581424D636000CF95F /* popoverArrowDown@2x.png */ = {isa = PBXFileReference; lastKnownFileType = image.png; path = "popoverArrowDown@2x.png"; sourceTree = "<group>"; };
		A3DC05591424D636000CF95F /* popoverArrowLeft.png */ = {isa = PBXFileReference; lastKnownFileType = image.png; path = popoverArrowLeft.png; sourceTree = "<group>"; };
		A3DC055A1424D636000CF95F /* popoverArrowLeft@2x.png */ = {isa = PBXFileReference; lastKnownFileType = image.png; path = "popoverArrowLeft@2x.png"; sourceTree = "<group>"; };
		A3DC055B1424D636000CF95F /* popoverArrowRight.png */ = {isa = PBXFileReference; lastKnownFileType = image.png; path = popoverArrowRight.png; sourceTree = "<group>"; };
		A3DC055C1424D636000CF95F /* popoverArrowRight@2x.png */ = {isa = PBXFileReference; lastKnownFileType = image.png; path = "popoverArrowRight@2x.png"; sourceTree = "<group>"; };
		A3DC055D1424D636000CF95F /* popoverArrowUp.png */ = {isa = PBXFileReference; lastKnownFileType = image.png; path = popoverArrowUp.png; sourceTree = "<group>"; };
		A3DC055E1424D636000CF95F /* popoverArrowUp@2x.png */ = {isa = PBXFileReference; lastKnownFileType = image.png; path = "popoverArrowUp@2x.png"; sourceTree = "<group>"; };
		A3DC055F1424D636000CF95F /* popoverBg.png */ = {isa = PBXFileReference; lastKnownFileType = image.png; path = popoverBg.png; sourceTree = "<group>"; };
		A3DC05601424D636000CF95F /* popoverBg@2x.png */ = {isa = PBXFileReference; lastKnownFileType = image.png; path = "popoverBg@2x.png"; sourceTree = "<group>"; };
		A3EC8EC2141F7B70001E52BD /* PRPTiledLayer.h */ = {isa = PBXFileReference; fileEncoding = 4; lastKnownFileType = sourcecode.c.h; path = PRPTiledLayer.h; sourceTree = "<group>"; };
		A3EC8EC3141F7B70001E52BD /* PRPTiledLayer.m */ = {isa = PBXFileReference; fileEncoding = 4; lastKnownFileType = sourcecode.c.objc; path = PRPTiledLayer.m; sourceTree = "<group>"; };
		A3EC8EC4141F7B70001E52BD /* PRPTileView.h */ = {isa = PBXFileReference; fileEncoding = 4; lastKnownFileType = sourcecode.c.h; path = PRPTileView.h; sourceTree = "<group>"; };
		A3EC8EC5141F7B70001E52BD /* PRPTileView.m */ = {isa = PBXFileReference; fileEncoding = 4; lastKnownFileType = sourcecode.c.objc; lineEnding = 0; path = PRPTileView.m; sourceTree = "<group>"; xcLanguageSpecificationIdentifier = xcode.lang.objc; };
		A3EC8EC8141F7BE0001E52BD /* MediaPlayer.framework */ = {isa = PBXFileReference; lastKnownFileType = wrapper.framework; name = MediaPlayer.framework; path = System/Library/Frameworks/MediaPlayer.framework; sourceTree = SDKROOT; };
		A3EC8EC9141F7BE0001E52BD /* QuartzCore.framework */ = {isa = PBXFileReference; lastKnownFileType = wrapper.framework; name = QuartzCore.framework; path = System/Library/Frameworks/QuartzCore.framework; sourceTree = SDKROOT; };
		A3EE4F4F142A092F00591E9C /* icon.png */ = {isa = PBXFileReference; lastKnownFileType = image.png; path = icon.png; sourceTree = "<group>"; };
		BFC3EDC0E1FB195C2A9AC105 /* Pods-flicksplorer.release.xcconfig */ = {isa = PBXFileReference; includeInIndex = 1; lastKnownFileType = text.xcconfig; name = "Pods-flicksplorer.release.xcconfig"; path = "Pods/Target Support Files/Pods-flicksplorer/Pods-flicksplorer.release.xcconfig"; sourceTree = "<group>"; };
/* End PBXFileReference section */

/* Begin PBXFrameworksBuildPhase section */
		733062791412D98300D6755C /* Frameworks */ = {
			isa = PBXFrameworksBuildPhase;
			buildActionMask = 2147483647;
			files = (
				73678F2815C432BC0095C7E4 /* CoreLocation.framework in Frameworks */,
				A346B3E5142763C4000127E8 /* MessageUI.framework in Frameworks */,
				A3EC8ECA141F7BE0001E52BD /* MediaPlayer.framework in Frameworks */,
				A3EC8ECB141F7BE0001E52BD /* QuartzCore.framework in Frameworks */,
				73E5EDD81417850100E7D61F /* MapKit.framework in Frameworks */,
				73E5EDA71416D4C600E7D61F /* CFNetwork.framework in Frameworks */,
				733062811412D98300D6755C /* UIKit.framework in Frameworks */,
				733062831412D98300D6755C /* Foundation.framework in Frameworks */,
				733062851412D98300D6755C /* CoreGraphics.framework in Frameworks */,
				2C67B411C320858579ACCA3D /* libPods-flicksplorer.a in Frameworks */,
			);
			runOnlyForDeploymentPostprocessing = 0;
		};
/* End PBXFrameworksBuildPhase section */

/* Begin PBXGroup section */
		733062711412D98300D6755C = {
			isa = PBXGroup;
			children = (
				73678F2715C432BC0095C7E4 /* CoreLocation.framework */,
				73F2D520146760AC0025E19A /* SystemConfiguration.framework */,
				A346B3E4142763C4000127E8 /* MessageUI.framework */,
				A3EC8EC8141F7BE0001E52BD /* MediaPlayer.framework */,
				A3EC8EC9141F7BE0001E52BD /* QuartzCore.framework */,
				A3EC8EC1141F7B4B001E52BD /* Extra */,
				A346431414197F220003FD8C /* Resources */,
				73FDB6A5146750C4005091BF /* Resources-iPad */,
				73E5EDD71417850100E7D61F /* MapKit.framework */,
				733062861412D98300D6755C /* utility */,
				7330627F1412D98300D6755C /* Frameworks */,
				7330627D1412D98300D6755C /* Products */,
				769D5CD22E49866C445C75E1 /* Pods */,
			);
			sourceTree = "<group>";
		};
		7330627D1412D98300D6755C /* Products */ = {
			isa = PBXGroup;
			children = (
				7330627C1412D98300D6755C /* flicksplorer.app */,
			);
			name = Products;
			sourceTree = "<group>";
		};
		7330627F1412D98300D6755C /* Frameworks */ = {
			isa = PBXGroup;
			children = (
				73E5EDA61416D4C600E7D61F /* CFNetwork.framework */,
				733062801412D98300D6755C /* UIKit.framework */,
				733062821412D98300D6755C /* Foundation.framework */,
				733062841412D98300D6755C /* CoreGraphics.framework */,
				A1E120A17F05FA571B34FCF1 /* libPods-flicksplorer.a */,
			);
			name = Frameworks;
			sourceTree = "<group>";
		};
		733062861412D98300D6755C /* utility */ = {
			isa = PBXGroup;
			children = (
				73D36E2915E1663800DD3D05 /* EditViewController.h */,
				73D36E2A15E1663800DD3D05 /* EditViewController.m */,
				73F142F8141BA53D00C12473 /* Session.h */,
				73F142F9141BA53D00C12473 /* Session.m */,
				73AFC1D91419AB680062A501 /* Photo.h */,
				73AFC1DA1419AB680062A501 /* Photo.m */,
				7330628F1412D98300D6755C /* utilityAppDelegate.h */,
				733062901412D98300D6755C /* utilityAppDelegate.m */,
				733062951412D98300D6755C /* MainViewController.h */,
				733062961412D98300D6755C /* MainViewController.m */,
				7330629A1412D98300D6755C /* FlipsideViewController.h */,
				7330629B1412D98300D6755C /* FlipsideViewController.m */,
				733062871412D98300D6755C /* Supporting Files */,
			);
			path = utility;
			sourceTree = "<group>";
		};
		733062871412D98300D6755C /* Supporting Files */ = {
			isa = PBXGroup;
			children = (
				733062881412D98300D6755C /* flicksplorer-Info.plist */,
				733062891412D98300D6755C /* InfoPlist.strings */,
				7330628C1412D98300D6755C /* main.m */,
				7330628E1412D98300D6755C /* flicksplorer-Prefix.pch */,
			);
			name = "Supporting Files";
			sourceTree = "<group>";
		};
		73FDB6A5146750C4005091BF /* Resources-iPad */ = {
			isa = PBXGroup;
			children = (
				73FDB6A7146750D3005091BF /* MainWindow.xib */,
				73FDB6A9146750D3005091BF /* MainView.xib */,
				73FDB6AA146750D3005091BF /* FlipsideView.xib */,
				73FDB6AB146750D3005091BF /* InfoView.xib */,
				73FDB6AC146750D3005091BF /* InfoViewEx.xib */,
			);
			name = "Resources-iPad";
			sourceTree = "<group>";
		};
		769D5CD22E49866C445C75E1 /* Pods */ = {
			isa = PBXGroup;
			children = (
				531787BC30215523EB9F7DD7 /* Pods-flicksplorer.debug.xcconfig */,
				BFC3EDC0E1FB195C2A9AC105 /* Pods-flicksplorer.release.xcconfig */,
			);
			name = Pods;
			sourceTree = "<group>";
		};
		A346431414197F220003FD8C /* Resources */ = {
			isa = PBXGroup;
			children = (
				73D36E2715E1661500DD3D05 /* EditViewController.xib */,
				A37468AE15DC4E6200767AF8 /* line-globe.png */,
				A385FFD515DB05A700343461 /* configuration.png */,
				A385FFD315DB04BF00343461 /* happy-face.png */,
				A385FFD115DB048100343461 /* fancy-globe.png */,
				A385FFCF15DB03DB00343461 /* search.png */,
				A385FFCD15DB031E00343461 /* agent.png */,
				7319119B15D6C09600366E15 /* Default.png */,
				7319119915D6BC5500366E15 /* person.png */,
				A3EE4F4F142A092F00591E9C /* icon.png */,
				A3DC05571424D636000CF95F /* popoverArrowDown.png */,
				A3DC05581424D636000CF95F /* popoverArrowDown@2x.png */,
				A3DC05591424D636000CF95F /* popoverArrowLeft.png */,
				A3DC055A1424D636000CF95F /* popoverArrowLeft@2x.png */,
				A3DC055B1424D636000CF95F /* popoverArrowRight.png */,
				A3DC055C1424D636000CF95F /* popoverArrowRight@2x.png */,
				A3DC055D1424D636000CF95F /* popoverArrowUp.png */,
				A3DC055E1424D636000CF95F /* popoverArrowUp@2x.png */,
				A3DC055F1424D636000CF95F /* popoverBg.png */,
				A3DC05601424D636000CF95F /* popoverBg@2x.png */,
				73E5EDD91417883300E7D61F /* InfoView.xib */,
				73C02596143B296C00ADD23F /* InfoViewEx.xib */,
				7330629D1412D98300D6755C /* FlipsideView.xib */,
				733062921412D98300D6755C /* MainWindow.xib */,
				733062981412D98300D6755C /* MainView.xib */,
				73F1430E141BBBAB00C12473 /* 179-notepad.png */,
				73F1430A141BBAE100C12473 /* 42-photos.png */,
			);
			name = Resources;
			sourceTree = "<group>";
		};
		A346B3D91427613C000127E8 /* SVWebViewController */ = {
			isa = PBXGroup;
			children = (
				A346B3DA1427613C000127E8 /* SVWebViewController.bundle */,
				A346B3DB1427613C000127E8 /* SVWebViewController.h */,
				A346B3DC1427613C000127E8 /* SVWebViewController.m */,
			);
			path = SVWebViewController;
			sourceTree = "<group>";
		};
		A3EC8EC1141F7B4B001E52BD /* Extra */ = {
			isa = PBXGroup;
			children = (
				A346B3D91427613C000127E8 /* SVWebViewController */,
				A3DC05471424C787000CF95F /* WEPopoverContainerView.h */,
				A3DC05481424C787000CF95F /* WEPopoverContainerView.m */,
				A3DC05491424C787000CF95F /* WEPopoverController.h */,
				A3DC054A1424C787000CF95F /* WEPopoverController.m */,
				A3DC054B1424C787000CF95F /* WEPopoverParentView.h */,
				A329700B14237266009CC6E3 /* MBProgressHUD.h */,
				A329700C14237266009CC6E3 /* MBProgressHUD.m */,
				A3EC8EC2141F7B70001E52BD /* PRPTiledLayer.h */,
				A3EC8EC3141F7B70001E52BD /* PRPTiledLayer.m */,
				A3EC8EC4141F7B70001E52BD /* PRPTileView.h */,
				A3EC8EC5141F7B70001E52BD /* PRPTileView.m */,
			);
			name = Extra;
			sourceTree = "<group>";
		};
/* End PBXGroup section */

/* Begin PBXNativeTarget section */
		7330627B1412D98300D6755C /* flicksplorer */ = {
			isa = PBXNativeTarget;
			buildConfigurationList = 733062A11412D98300D6755C /* Build configuration list for PBXNativeTarget "flicksplorer" */;
			buildPhases = (
				810DCE1D07046D4618905407 /* [CP] Check Pods Manifest.lock */,
				733062781412D98300D6755C /* Sources */,
				733062791412D98300D6755C /* Frameworks */,
				7330627A1412D98300D6755C /* Resources */,
				5BC28D490AB47F93FD34623F /* [CP] Copy Pods Resources */,
			);
			buildRules = (
			);
			dependencies = (
			);
			name = flicksplorer;
			productName = utility;
			productReference = 7330627C1412D98300D6755C /* flicksplorer.app */;
			productType = "com.apple.product-type.application";
		};
/* End PBXNativeTarget section */

/* Begin PBXProject section */
		733062731412D98300D6755C /* Project object */ = {
			isa = PBXProject;
			attributes = {
				LastUpgradeCheck = 0450;
				ORGANIZATIONNAME = "blue sky computing";
				TargetAttributes = {
					7330627B1412D98300D6755C = {
						DevelopmentTeam = 6AP8DGBG6H;
						ProvisioningStyle = Automatic;
					};
				};
			};
			buildConfigurationList = 733062761412D98300D6755C /* Build configuration list for PBXProject "flicksplorer" */;
			compatibilityVersion = "Xcode 3.2";
			developmentRegion = English;
			hasScannedForEncodings = 0;
			knownRegions = (
				English,
				en,
			);
			mainGroup = 733062711412D98300D6755C;
			productRefGroup = 7330627D1412D98300D6755C /* Products */;
			projectDirPath = "";
			projectRoot = "";
			targets = (
				7330627B1412D98300D6755C /* flicksplorer */,
			);
		};
/* End PBXProject section */

/* Begin PBXResourcesBuildPhase section */
		7330627A1412D98300D6755C /* Resources */ = {
			isa = PBXResourcesBuildPhase;
			buildActionMask = 2147483647;
			files = (
				7330628B1412D98300D6755C /* InfoPlist.strings in Resources */,
				733062941412D98300D6755C /* MainWindow.xib in Resources */,
				733062991412D98300D6755C /* MainView.xib in Resources */,
				7330629E1412D98300D6755C /* FlipsideView.xib in Resources */,
				73E5EDDA1417883300E7D61F /* InfoView.xib in Resources */,
				73F1430B141BBAE100C12473 /* 42-photos.png in Resources */,
				73F1430F141BBBAB00C12473 /* 179-notepad.png in Resources */,
				A3DC05611424D636000CF95F /* popoverArrowDown.png in Resources */,
				A3DC05621424D636000CF95F /* popoverArrowDown@2x.png in Resources */,
				A3DC05631424D636000CF95F /* popoverArrowLeft.png in Resources */,
				A3DC05641424D636000CF95F /* popoverArrowLeft@2x.png in Resources */,
				A3DC05651424D636000CF95F /* popoverArrowRight.png in Resources */,
				A3DC05661424D636000CF95F /* popoverArrowRight@2x.png in Resources */,
				A3DC05671424D636000CF95F /* popoverArrowUp.png in Resources */,
				A3DC05681424D636000CF95F /* popoverArrowUp@2x.png in Resources */,
				A3DC05691424D636000CF95F /* popoverBg.png in Resources */,
				A3DC056A1424D636000CF95F /* popoverBg@2x.png in Resources */,
				A346B3DD1427613C000127E8 /* SVWebViewController.bundle in Resources */,
				A3EE4F50142A092F00591E9C /* icon.png in Resources */,
				73C02597143B296C00ADD23F /* InfoViewEx.xib in Resources */,
				7319119A15D6BC5500366E15 /* person.png in Resources */,
				7319119C15D6C09600366E15 /* Default.png in Resources */,
				A385FFCE15DB031E00343461 /* agent.png in Resources */,
				A385FFD015DB03DB00343461 /* search.png in Resources */,
				A385FFD215DB048100343461 /* fancy-globe.png in Resources */,
				A385FFD415DB04BF00343461 /* happy-face.png in Resources */,
				A385FFD615DB05A700343461 /* configuration.png in Resources */,
				A37468AF15DC4E6200767AF8 /* line-globe.png in Resources */,
				73D36E2815E1661500DD3D05 /* EditViewController.xib in Resources */,
			);
			runOnlyForDeploymentPostprocessing = 0;
		};
/* End PBXResourcesBuildPhase section */

/* Begin PBXShellScriptBuildPhase section */
		5BC28D490AB47F93FD34623F /* [CP] Copy Pods Resources */ = {
			isa = PBXShellScriptBuildPhase;
			buildActionMask = 2147483647;
			files = (
			);
			inputPaths = (
				"${PODS_ROOT}/Target Support Files/Pods-flicksplorer/Pods-flicksplorer-resources.sh",
				"${PODS_ROOT}/objectiveflickr/BridgeSupport",
			);
			name = "[CP] Copy Pods Resources";
			outputPaths = (
				"${TARGET_BUILD_DIR}/${UNLOCALIZED_RESOURCES_FOLDER_PATH}/BridgeSupport",
			);
			runOnlyForDeploymentPostprocessing = 0;
			shellPath = /bin/sh;
			shellScript = "\"${PODS_ROOT}/Target Support Files/Pods-flicksplorer/Pods-flicksplorer-resources.sh\"\n";
			showEnvVarsInLog = 0;
		};
		810DCE1D07046D4618905407 /* [CP] Check Pods Manifest.lock */ = {
			isa = PBXShellScriptBuildPhase;
			buildActionMask = 2147483647;
			files = (
			);
			inputFileListPaths = (
			);
			inputPaths = (
				"${PODS_PODFILE_DIR_PATH}/Podfile.lock",
				"${PODS_ROOT}/Manifest.lock",
			);
			name = "[CP] Check Pods Manifest.lock";
			outputFileListPaths = (
			);
			outputPaths = (
				"$(DERIVED_FILE_DIR)/Pods-flicksplorer-checkManifestLockResult.txt",
			);
			runOnlyForDeploymentPostprocessing = 0;
			shellPath = /bin/sh;
			shellScript = "diff \"${PODS_PODFILE_DIR_PATH}/Podfile.lock\" \"${PODS_ROOT}/Manifest.lock\" > /dev/null\nif [ $? != 0 ] ; then\n    # print error to STDERR\n    echo \"error: The sandbox is not in sync with the Podfile.lock. Run 'pod install' or update your CocoaPods installation.\" >&2\n    exit 1\nfi\n# This output is used by Xcode 'outputs' to avoid re-running this script phase.\necho \"SUCCESS\" > \"${SCRIPT_OUTPUT_FILE_0}\"\n";
			showEnvVarsInLog = 0;
		};
/* End PBXShellScriptBuildPhase section */

/* Begin PBXSourcesBuildPhase section */
		733062781412D98300D6755C /* Sources */ = {
			isa = PBXSourcesBuildPhase;
			buildActionMask = 2147483647;
			files = (
				73D36E3615E169FE00DD3D05 /* EditViewController.m in Sources */,
				7330628D1412D98300D6755C /* main.m in Sources */,
				733062911412D98300D6755C /* utilityAppDelegate.m in Sources */,
				733062971412D98300D6755C /* MainViewController.m in Sources */,
				7330629C1412D98300D6755C /* FlipsideViewController.m in Sources */,
				73AFC1DB1419AB680062A501 /* Photo.m in Sources */,
				73F142FA141BA53D00C12473 /* Session.m in Sources */,
				A3EC8EC6141F7B70001E52BD /* PRPTiledLayer.m in Sources */,
				A3EC8EC7141F7B70001E52BD /* PRPTileView.m in Sources */,
				A329700D14237266009CC6E3 /* MBProgressHUD.m in Sources */,
				A3DC054C1424C787000CF95F /* WEPopoverContainerView.m in Sources */,
				A3DC054D1424C787000CF95F /* WEPopoverController.m in Sources */,
				A346B3DE1427613C000127E8 /* SVWebViewController.m in Sources */,
			);
			runOnlyForDeploymentPostprocessing = 0;
		};
/* End PBXSourcesBuildPhase section */

/* Begin PBXVariantGroup section */
		733062891412D98300D6755C /* InfoPlist.strings */ = {
			isa = PBXVariantGroup;
			children = (
				7330628A1412D98300D6755C /* en */,
			);
			name = InfoPlist.strings;
			sourceTree = "<group>";
		};
		733062921412D98300D6755C /* MainWindow.xib */ = {
			isa = PBXVariantGroup;
			children = (
				733062931412D98300D6755C /* en */,
			);
			name = MainWindow.xib;
			path = utility;
			sourceTree = "<group>";
		};
		73FDB6A7146750D3005091BF /* MainWindow.xib */ = {
			isa = PBXVariantGroup;
			children = (
				73FDB6A8146750D3005091BF /* en */,
			);
			name = MainWindow.xib;
			sourceTree = "<group>";
		};
/* End PBXVariantGroup section */

/* Begin XCBuildConfiguration section */
		7330629F1412D98300D6755C /* Debug */ = {
			isa = XCBuildConfiguration;
			buildSettings = {
				ALWAYS_SEARCH_USER_PATHS = NO;
				ARCHS = "$(ARCHS_STANDARD_32_BIT)";
				"CODE_SIGN_IDENTITY[sdk=iphoneos*]" = "iPhone Developer: stephen eshelman (ZXV77CSSEA)";
				COPY_PHASE_STRIP = NO;
				GCC_C_LANGUAGE_STANDARD = gnu99;
				GCC_DYNAMIC_NO_PIC = NO;
				GCC_OPTIMIZATION_LEVEL = 0;
				GCC_PREPROCESSOR_DEFINITIONS = (
					"DEBUG=1",
					"$(inherited)",
				);
				GCC_SYMBOLS_PRIVATE_EXTERN = NO;
				GCC_VERSION = com.apple.compilers.llvm.clang.1_0;
				GCC_WARN_ABOUT_MISSING_PROTOTYPES = YES;
				GCC_WARN_ABOUT_RETURN_TYPE = YES;
				GCC_WARN_UNUSED_VARIABLE = YES;
				HEADER_SEARCH_PATHS = "";
				IPHONEOS_DEPLOYMENT_TARGET = 4.3;
				"PROVISIONING_PROFILE[sdk=iphoneos*]" = "98C4B1E5-B930-49B4-AD62-DC2C167C7570";
				SDKROOT = iphoneos;
				USER_HEADER_SEARCH_PATHS = "../objectiveflicker/Source ../objectiveflicker/LFWebAPIKit";
			};
			name = Debug;
		};
		733062A01412D98300D6755C /* Release */ = {
			isa = XCBuildConfiguration;
			buildSettings = {
				ALWAYS_SEARCH_USER_PATHS = NO;
				ARCHS = "$(ARCHS_STANDARD_32_BIT)";
				"CODE_SIGN_IDENTITY[sdk=iphoneos*]" = "iPhone Distribution";
				COPY_PHASE_STRIP = YES;
				GCC_C_LANGUAGE_STANDARD = gnu99;
				GCC_VERSION = com.apple.compilers.llvm.clang.1_0;
				GCC_WARN_ABOUT_MISSING_PROTOTYPES = YES;
				GCC_WARN_ABOUT_RETURN_TYPE = YES;
				GCC_WARN_UNUSED_VARIABLE = YES;
				HEADER_SEARCH_PATHS = "";
				IPHONEOS_DEPLOYMENT_TARGET = 4.3;
				OTHER_CFLAGS = "-DNS_BLOCK_ASSERTIONS=1";
				"PROVISIONING_PROFILE[sdk=iphoneos*]" = "";
				SDKROOT = iphoneos;
				USER_HEADER_SEARCH_PATHS = "../objectiveflicker/Source ../objectiveflicker/LFWebAPIKit";
				VALIDATE_PRODUCT = YES;
			};
			name = Release;
		};
		733062A21412D98300D6755C /* Debug */ = {
			isa = XCBuildConfiguration;
			baseConfigurationReference = 531787BC30215523EB9F7DD7 /* Pods-flicksplorer.debug.xcconfig */;
			buildSettings = {
				ARCHS = "$(ARCHS_STANDARD)";
				CODE_SIGN_IDENTITY = "Apple Development";
				CODE_SIGN_STYLE = Automatic;
				DEVELOPMENT_TEAM = 6AP8DGBG6H;
				GCC_PRECOMPILE_PREFIX_HEADER = YES;
				GCC_PREFIX_HEADER = "utility/flicksplorer-Prefix.pch";
				GCC_VERSION = com.apple.compilers.llvm.clang.1_0;
				HEADER_SEARCH_PATHS = "$(inherited) ";
				INFOPLIST_FILE = "utility/flicksplorer-Info.plist";
				IPHONEOS_DEPLOYMENT_TARGET = 12.4;
				LIBRARY_SEARCH_PATHS = "$(inherited) ";
				PRODUCT_NAME = flicksplorer;
				PROVISIONING_PROFILE_SPECIFIER = "";
				USER_HEADER_SEARCH_PATHS = "";
				USE_HEADERMAP = YES;
				WRAPPER_EXTENSION = app;
			};
			name = Debug;
		};
		733062A31412D98300D6755C /* Release */ = {
			isa = XCBuildConfiguration;
			baseConfigurationReference = BFC3EDC0E1FB195C2A9AC105 /* Pods-flicksplorer.release.xcconfig */;
			buildSettings = {
				ARCHS = "$(ARCHS_STANDARD)";
				CODE_SIGN_IDENTITY = "Apple Development";
				"CODE_SIGN_IDENTITY[sdk=iphoneos*]" = "iPhone Distribution";
				CODE_SIGN_STYLE = Automatic;
				DEVELOPMENT_TEAM = "";
				GCC_PRECOMPILE_PREFIX_HEADER = YES;
				GCC_PREFIX_HEADER = "utility/flicksplorer-Prefix.pch";
				GCC_VERSION = com.apple.compilers.llvm.clang.1_0;
				HEADER_SEARCH_PATHS = "$(inherited) ";
				INFOPLIST_FILE = "utility/flicksplorer-Info.plist";
				IPHONEOS_DEPLOYMENT_TARGET = 12.4;
				LIBRARY_SEARCH_PATHS = "$(inherited) ";
				PRODUCT_NAME = flicksplorer;
				"PROVISIONING_PROFILE[sdk=iphoneos*]" = "";
				PROVISIONING_PROFILE_SPECIFIER = "";
				USER_HEADER_SEARCH_PATHS = "";
				USE_HEADERMAP = YES;
				WRAPPER_EXTENSION = app;
			};
			name = Release;
		};
/* End XCBuildConfiguration section */

/* Begin XCConfigurationList section */
		733062761412D98300D6755C /* Build configuration list for PBXProject "flicksplorer" */ = {
			isa = XCConfigurationList;
			buildConfigurations = (
				7330629F1412D98300D6755C /* Debug */,
				733062A01412D98300D6755C /* Release */,
			);
			defaultConfigurationIsVisible = 0;
			defaultConfigurationName = Release;
		};
		733062A11412D98300D6755C /* Build configuration list for PBXNativeTarget "flicksplorer" */ = {
			isa = XCConfigurationList;
			buildConfigurations = (
				733062A21412D98300D6755C /* Debug */,
				733062A31412D98300D6755C /* Release */,
			);
			defaultConfigurationIsVisible = 0;
			defaultConfigurationName = Release;
		};
/* End XCConfigurationList section */
	};
	rootObject = 733062731412D98300D6755C /* Project object */;
}
