// !$*UTF8*$!
{
	archiveVersion = 1;
	classes = {
	};
	objectVersion = 46;
	objects = {

/* Begin PBXBuildFile section */
		733062811412D98300D6755C /* UIKit.framework in Frameworks */ = {isa = PBXBuildFile; fileRef = 733062801412D98300D6755C /* UIKit.framework */; };
		733062831412D98300D6755C /* Foundation.framework in Frameworks */ = {isa = PBXBuildFile; fileRef = 733062821412D98300D6755C /* Foundation.framework */; };
		733062851412D98300D6755C /* CoreGraphics.framework in Frameworks */ = {isa = PBXBuildFile; fileRef = 733062841412D98300D6755C /* CoreGraphics.framework */; };
		7330628B1412D98300D6755C /* InfoPlist.strings in Resources */ = {isa = PBXBuildFile; fileRef = 733062891412D98300D6755C /* InfoPlist.strings */; };
		7330628D1412D98300D6755C /* main.m in Sources */ = {isa = PBXBuildFile; fileRef = 7330628C1412D98300D6755C /* main.m */; };
		733062911412D98300D6755C /* utilityAppDelegate.m in Sources */ = {isa = PBXBuildFile; fileRef = 733062901412D98300D6755C /* utilityAppDelegate.m */; };
		733062941412D98300D6755C /* MainWindow.xib in Resources */ = {isa = PBXBuildFile; fileRef = 733062921412D98300D6755C /* MainWindow.xib */; };
		733062971412D98300D6755C /* MainViewController.m in Sources */ = {isa = PBXBuildFile; fileRef = 733062961412D98300D6755C /* MainViewController.m */; };
		733062991412D98300D6755C /* MainView.xib in Resources */ = {isa = PBXBuildFile; fileRef = 733062981412D98300D6755C /* MainView.xib */; };
		7330629C1412D98300D6755C /* FlipsideViewController.m in Sources */ = {isa = PBXBuildFile; fileRef = 7330629B1412D98300D6755C /* FlipsideViewController.m */; };
		7330629E1412D98300D6755C /* FlipsideView.xib in Resources */ = {isa = PBXBuildFile; fileRef = 7330629D1412D98300D6755C /* FlipsideView.xib */; };
		73AB1B9114354A1E0053A8D8 /* Default.png in Resources */ = {isa = PBXBuildFile; fileRef = 73AB1B9014354A1E0053A8D8 /* Default.png */; };
		73AFC1DB1419AB680062A501 /* Photo.m in Sources */ = {isa = PBXBuildFile; fileRef = 73AFC1DA1419AB680062A501 /* Photo.m */; };
		73C02597143B296C00ADD23F /* InfoViewEx.xib in Resources */ = {isa = PBXBuildFile; fileRef = 73C02596143B296C00ADD23F /* InfoViewEx.xib */; };
		73E5EDA71416D4C600E7D61F /* CFNetwork.framework in Frameworks */ = {isa = PBXBuildFile; fileRef = 73E5EDA61416D4C600E7D61F /* CFNetwork.framework */; };
		73E5EDD6141702B000E7D61F /* libObjectiveFlickr.a in Frameworks */ = {isa = PBXBuildFile; fileRef = 73E5EDD31417025500E7D61F /* libObjectiveFlickr.a */; };
		73E5EDD81417850100E7D61F /* MapKit.framework in Frameworks */ = {isa = PBXBuildFile; fileRef = 73E5EDD71417850100E7D61F /* MapKit.framework */; };
		73E5EDDA1417883300E7D61F /* InfoView.xib in Resources */ = {isa = PBXBuildFile; fileRef = 73E5EDD91417883300E7D61F /* InfoView.xib */; };
		73F142FA141BA53D00C12473 /* Session.m in Sources */ = {isa = PBXBuildFile; fileRef = 73F142F9141BA53D00C12473 /* Session.m */; };
		73F1430B141BBAE100C12473 /* 42-photos.png in Resources */ = {isa = PBXBuildFile; fileRef = 73F1430A141BBAE100C12473 /* 42-photos.png */; };
		73F1430D141BBB0600C12473 /* 19-gear.png in Resources */ = {isa = PBXBuildFile; fileRef = 73F1430C141BBB0600C12473 /* 19-gear.png */; };
		73F1430F141BBBAB00C12473 /* 179-notepad.png in Resources */ = {isa = PBXBuildFile; fileRef = 73F1430E141BBBAB00C12473 /* 179-notepad.png */; };
		73F14311141CE71C00C12473 /* 01-refresh.png in Resources */ = {isa = PBXBuildFile; fileRef = 73F14310141CE71C00C12473 /* 01-refresh.png */; };
		73F14313141CF02C00C12473 /* 06-magnify WHITE.png in Resources */ = {isa = PBXBuildFile; fileRef = 73F14312141CF02C00C12473 /* 06-magnify WHITE.png */; };
		A329700D14237266009CC6E3 /* MBProgressHUD.m in Sources */ = {isa = PBXBuildFile; fileRef = A329700C14237266009CC6E3 /* MBProgressHUD.m */; };
		A346431314197F060003FD8C /* 06-magnify.png in Resources */ = {isa = PBXBuildFile; fileRef = A346431214197F060003FD8C /* 06-magnify.png */; };
		A346B3DD1427613C000127E8 /* SVWebViewController.bundle in Resources */ = {isa = PBXBuildFile; fileRef = A346B3DA1427613C000127E8 /* SVWebViewController.bundle */; };
		A346B3DE1427613C000127E8 /* SVWebViewController.m in Sources */ = {isa = PBXBuildFile; fileRef = A346B3DC1427613C000127E8 /* SVWebViewController.m */; };
		A346B3E5142763C4000127E8 /* MessageUI.framework in Frameworks */ = {isa = PBXBuildFile; fileRef = A346B3E4142763C4000127E8 /* MessageUI.framework */; };
		A38EEDAB1424005500038D9B /* 74-location.png in Resources */ = {isa = PBXBuildFile; fileRef = A38EEDAA1424005500038D9B /* 74-location.png */; };
		A3DC054C1424C787000CF95F /* WEPopoverContainerView.m in Sources */ = {isa = PBXBuildFile; fileRef = A3DC05481424C787000CF95F /* WEPopoverContainerView.m */; };
		A3DC054D1424C787000CF95F /* WEPopoverController.m in Sources */ = {isa = PBXBuildFile; fileRef = A3DC054A1424C787000CF95F /* WEPopoverController.m */; };
		A3DC05611424D636000CF95F /* popoverArrowDown.png in Resources */ = {isa = PBXBuildFile; fileRef = A3DC05571424D636000CF95F /* popoverArrowDown.png */; };
		A3DC05621424D636000CF95F /* popoverArrowDown@2x.png in Resources */ = {isa = PBXBuildFile; fileRef = A3DC05581424D636000CF95F /* popoverArrowDown@2x.png */; };
		A3DC05631424D636000CF95F /* popoverArrowLeft.png in Resources */ = {isa = PBXBuildFile; fileRef = A3DC05591424D636000CF95F /* popoverArrowLeft.png */; };
		A3DC05641424D636000CF95F /* popoverArrowLeft@2x.png in Resources */ = {isa = PBXBuildFile; fileRef = A3DC055A1424D636000CF95F /* popoverArrowLeft@2x.png */; };
		A3DC05651424D636000CF95F /* popoverArrowRight.png in Resources */ = {isa = PBXBuildFile; fileRef = A3DC055B1424D636000CF95F /* popoverArrowRight.png */; };
		A3DC05661424D636000CF95F /* popoverArrowRight@2x.png in Resources */ = {isa = PBXBuildFile; fileRef = A3DC055C1424D636000CF95F /* popoverArrowRight@2x.png */; };
		A3DC05671424D636000CF95F /* popoverArrowUp.png in Resources */ = {isa = PBXBuildFile; fileRef = A3DC055D1424D636000CF95F /* popoverArrowUp.png */; };
		A3DC05681424D636000CF95F /* popoverArrowUp@2x.png in Resources */ = {isa = PBXBuildFile; fileRef = A3DC055E1424D636000CF95F /* popoverArrowUp@2x.png */; };
		A3DC05691424D636000CF95F /* popoverBg.png in Resources */ = {isa = PBXBuildFile; fileRef = A3DC055F1424D636000CF95F /* popoverBg.png */; };
		A3DC056A1424D636000CF95F /* popoverBg@2x.png in Resources */ = {isa = PBXBuildFile; fileRef = A3DC05601424D636000CF95F /* popoverBg@2x.png */; };
		A3EC8EC6141F7B70001E52BD /* PRPTiledLayer.m in Sources */ = {isa = PBXBuildFile; fileRef = A3EC8EC3141F7B70001E52BD /* PRPTiledLayer.m */; };
		A3EC8EC7141F7B70001E52BD /* PRPTileView.m in Sources */ = {isa = PBXBuildFile; fileRef = A3EC8EC5141F7B70001E52BD /* PRPTileView.m */; };
		A3EC8ECA141F7BE0001E52BD /* MediaPlayer.framework in Frameworks */ = {isa = PBXBuildFile; fileRef = A3EC8EC8141F7BE0001E52BD /* MediaPlayer.framework */; };
		A3EC8ECB141F7BE0001E52BD /* QuartzCore.framework in Frameworks */ = {isa = PBXBuildFile; fileRef = A3EC8EC9141F7BE0001E52BD /* QuartzCore.framework */; };
		A3EC8ECD141F7EC2001E52BD /* missing.png in Resources */ = {isa = PBXBuildFile; fileRef = A3EC8ECC141F7EC2001E52BD /* missing.png */; };
		A3EE4F50142A092F00591E9C /* icon.png in Resources */ = {isa = PBXBuildFile; fileRef = A3EE4F4F142A092F00591E9C /* icon.png */; };
/* End PBXBuildFile section */

/* Begin PBXContainerItemProxy section */
		73E5EDD21417025500E7D61F /* PBXContainerItemProxy */ = {
			isa = PBXContainerItemProxy;
			containerPortal = 73E5EDCA1417025500E7D61F /* ObjectiveFlickr.xcodeproj */;
			proxyType = 2;
			remoteGlobalIDString = 6ABF72E60F939BE600B9179E;
			remoteInfo = "ObjectiveFlickr (library)";
		};
		73E5EDD41417029B00E7D61F /* PBXContainerItemProxy */ = {
			isa = PBXContainerItemProxy;
			containerPortal = 73E5EDCA1417025500E7D61F /* ObjectiveFlickr.xcodeproj */;
			proxyType = 1;
			remoteGlobalIDString = 6ABF72E50F939BE600B9179E;
			remoteInfo = "ObjectiveFlickr (library)";
		};
/* End PBXContainerItemProxy section */

/* Begin PBXFileReference section */
		7330627C1412D98300D6755C /* utility.app */ = {isa = PBXFileReference; explicitFileType = wrapper.application; includeInIndex = 0; path = utility.app; sourceTree = BUILT_PRODUCTS_DIR; };
		733062801412D98300D6755C /* UIKit.framework */ = {isa = PBXFileReference; lastKnownFileType = wrapper.framework; name = UIKit.framework; path = System/Library/Frameworks/UIKit.framework; sourceTree = SDKROOT; };
		733062821412D98300D6755C /* Foundation.framework */ = {isa = PBXFileReference; lastKnownFileType = wrapper.framework; name = Foundation.framework; path = System/Library/Frameworks/Foundation.framework; sourceTree = SDKROOT; };
		733062841412D98300D6755C /* CoreGraphics.framework */ = {isa = PBXFileReference; lastKnownFileType = wrapper.framework; name = CoreGraphics.framework; path = System/Library/Frameworks/CoreGraphics.framework; sourceTree = SDKROOT; };
		733062881412D98300D6755C /* utility-Info.plist */ = {isa = PBXFileReference; lastKnownFileType = text.plist.xml; path = "utility-Info.plist"; sourceTree = "<group>"; };
		7330628A1412D98300D6755C /* en */ = {isa = PBXFileReference; lastKnownFileType = text.plist.strings; name = en; path = en.lproj/InfoPlist.strings; sourceTree = "<group>"; };
		7330628C1412D98300D6755C /* main.m */ = {isa = PBXFileReference; lastKnownFileType = sourcecode.c.objc; path = main.m; sourceTree = "<group>"; };
		7330628E1412D98300D6755C /* utility-Prefix.pch */ = {isa = PBXFileReference; lastKnownFileType = sourcecode.c.h; path = "utility-Prefix.pch"; sourceTree = "<group>"; };
		7330628F1412D98300D6755C /* utilityAppDelegate.h */ = {isa = PBXFileReference; lastKnownFileType = sourcecode.c.h; path = utilityAppDelegate.h; sourceTree = "<group>"; };
		733062901412D98300D6755C /* utilityAppDelegate.m */ = {isa = PBXFileReference; lastKnownFileType = sourcecode.c.objc; lineEnding = 0; path = utilityAppDelegate.m; sourceTree = "<group>"; xcLanguageSpecificationIdentifier = xcode.lang.objc; };
		733062931412D98300D6755C /* en */ = {isa = PBXFileReference; lastKnownFileType = file.xib; name = en; path = en.lproj/MainWindow.xib; sourceTree = "<group>"; };
		733062951412D98300D6755C /* MainViewController.h */ = {isa = PBXFileReference; lastKnownFileType = sourcecode.c.h; path = MainViewController.h; sourceTree = "<group>"; };
		733062961412D98300D6755C /* MainViewController.m */ = {isa = PBXFileReference; lastKnownFileType = sourcecode.c.objc; lineEnding = 0; path = MainViewController.m; sourceTree = "<group>"; xcLanguageSpecificationIdentifier = xcode.lang.objc; };
		733062981412D98300D6755C /* MainView.xib */ = {isa = PBXFileReference; lastKnownFileType = file.xib; name = MainView.xib; path = utility/MainView.xib; sourceTree = "<group>"; };
		7330629A1412D98300D6755C /* FlipsideViewController.h */ = {isa = PBXFileReference; lastKnownFileType = sourcecode.c.h; path = FlipsideViewController.h; sourceTree = "<group>"; };
		7330629B1412D98300D6755C /* FlipsideViewController.m */ = {isa = PBXFileReference; lastKnownFileType = sourcecode.c.objc; path = FlipsideViewController.m; sourceTree = "<group>"; };
		7330629D1412D98300D6755C /* FlipsideView.xib */ = {isa = PBXFileReference; lastKnownFileType = file.xib; name = FlipsideView.xib; path = utility/FlipsideView.xib; sourceTree = "<group>"; };
		73AB1B9014354A1E0053A8D8 /* Default.png */ = {isa = PBXFileReference; lastKnownFileType = image.png; path = Default.png; sourceTree = "<group>"; };
		73AFC1D91419AB680062A501 /* Photo.h */ = {isa = PBXFileReference; fileEncoding = 4; lastKnownFileType = sourcecode.c.h; path = Photo.h; sourceTree = "<group>"; };
		73AFC1DA1419AB680062A501 /* Photo.m */ = {isa = PBXFileReference; fileEncoding = 4; lastKnownFileType = sourcecode.c.objc; lineEnding = 0; path = Photo.m; sourceTree = "<group>"; xcLanguageSpecificationIdentifier = xcode.lang.objc; };
		73C02596143B296C00ADD23F /* InfoViewEx.xib */ = {isa = PBXFileReference; fileEncoding = 4; lastKnownFileType = file.xib; path = InfoViewEx.xib; sourceTree = "<group>"; };
		73E5EDA61416D4C600E7D61F /* CFNetwork.framework */ = {isa = PBXFileReference; lastKnownFileType = wrapper.framework; name = CFNetwork.framework; path = System/Library/Frameworks/CFNetwork.framework; sourceTree = SDKROOT; };
		73E5EDCA1417025500E7D61F /* ObjectiveFlickr.xcodeproj */ = {isa = PBXFileReference; lastKnownFileType = "wrapper.pb-project"; name = ObjectiveFlickr.xcodeproj; path = ../../objectiveflickr/ObjectiveFlickr.xcodeproj; sourceTree = "<group>"; };
		73E5EDD71417850100E7D61F /* MapKit.framework */ = {isa = PBXFileReference; lastKnownFileType = wrapper.framework; name = MapKit.framework; path = System/Library/Frameworks/MapKit.framework; sourceTree = SDKROOT; };
		73E5EDD91417883300E7D61F /* InfoView.xib */ = {isa = PBXFileReference; fileEncoding = 4; lastKnownFileType = file.xib; name = InfoView.xib; path = utility/InfoView.xib; sourceTree = "<group>"; };
		73F142F8141BA53D00C12473 /* Session.h */ = {isa = PBXFileReference; fileEncoding = 4; lastKnownFileType = sourcecode.c.h; path = Session.h; sourceTree = "<group>"; };
		73F142F9141BA53D00C12473 /* Session.m */ = {isa = PBXFileReference; fileEncoding = 4; lastKnownFileType = sourcecode.c.objc; lineEnding = 0; path = Session.m; sourceTree = "<group>"; xcLanguageSpecificationIdentifier = xcode.lang.objc; };
		73F1430A141BBAE100C12473 /* 42-photos.png */ = {isa = PBXFileReference; lastKnownFileType = image.png; path = "42-photos.png"; sourceTree = "<group>"; };
		73F1430C141BBB0600C12473 /* 19-gear.png */ = {isa = PBXFileReference; lastKnownFileType = image.png; path = "19-gear.png"; sourceTree = "<group>"; };
		73F1430E141BBBAB00C12473 /* 179-notepad.png */ = {isa = PBXFileReference; lastKnownFileType = image.png; path = "179-notepad.png"; sourceTree = "<group>"; };
		73F14310141CE71C00C12473 /* 01-refresh.png */ = {isa = PBXFileReference; lastKnownFileType = image.png; path = "01-refresh.png"; sourceTree = "<group>"; };
		73F14312141CF02C00C12473 /* 06-magnify WHITE.png */ = {isa = PBXFileReference; lastKnownFileType = image.png; path = "06-magnify WHITE.png"; sourceTree = "<group>"; };
		A329700B14237266009CC6E3 /* MBProgressHUD.h */ = {isa = PBXFileReference; fileEncoding = 4; lastKnownFileType = sourcecode.c.h; path = MBProgressHUD.h; sourceTree = "<group>"; };
		A329700C14237266009CC6E3 /* MBProgressHUD.m */ = {isa = PBXFileReference; fileEncoding = 4; lastKnownFileType = sourcecode.c.objc; path = MBProgressHUD.m; sourceTree = "<group>"; };
		A346431214197F060003FD8C /* 06-magnify.png */ = {isa = PBXFileReference; lastKnownFileType = image.png; name = "06-magnify.png"; path = "utility/06-magnify.png"; sourceTree = "<group>"; };
		A346B3DA1427613C000127E8 /* SVWebViewController.bundle */ = {isa = PBXFileReference; lastKnownFileType = "wrapper.plug-in"; path = SVWebViewController.bundle; sourceTree = "<group>"; };
		A346B3DB1427613C000127E8 /* SVWebViewController.h */ = {isa = PBXFileReference; fileEncoding = 4; lastKnownFileType = sourcecode.c.h; path = SVWebViewController.h; sourceTree = "<group>"; };
		A346B3DC1427613C000127E8 /* SVWebViewController.m */ = {isa = PBXFileReference; fileEncoding = 4; lastKnownFileType = sourcecode.c.objc; path = SVWebViewController.m; sourceTree = "<group>"; };
		A346B3E4142763C4000127E8 /* MessageUI.framework */ = {isa = PBXFileReference; lastKnownFileType = wrapper.framework; name = MessageUI.framework; path = System/Library/Frameworks/MessageUI.framework; sourceTree = SDKROOT; };
		A38EEDAA1424005500038D9B /* 74-location.png */ = {isa = PBXFileReference; lastKnownFileType = image.png; path = "74-location.png"; sourceTree = "<group>"; };
		A3DC05471424C787000CF95F /* WEPopoverContainerView.h */ = {isa = PBXFileReference; fileEncoding = 4; lastKnownFileType = sourcecode.c.h; path = WEPopoverContainerView.h; sourceTree = "<group>"; };
		A3DC05481424C787000CF95F /* WEPopoverContainerView.m */ = {isa = PBXFileReference; fileEncoding = 4; lastKnownFileType = sourcecode.c.objc; path = WEPopoverContainerView.m; sourceTree = "<group>"; };
		A3DC05491424C787000CF95F /* WEPopoverController.h */ = {isa = PBXFileReference; fileEncoding = 4; lastKnownFileType = sourcecode.c.h; path = WEPopoverController.h; sourceTree = "<group>"; };
		A3DC054A1424C787000CF95F /* WEPopoverController.m */ = {isa = PBXFileReference; fileEncoding = 4; lastKnownFileType = sourcecode.c.objc; lineEnding = 0; path = WEPopoverController.m; sourceTree = "<group>"; xcLanguageSpecificationIdentifier = xcode.lang.objc; };
		A3DC054B1424C787000CF95F /* WEPopoverParentView.h */ = {isa = PBXFileReference; fileEncoding = 4; lastKnownFileType = sourcecode.c.h; path = WEPopoverParentView.h; sourceTree = "<group>"; };
		A3DC05571424D636000CF95F /* popoverArrowDown.png */ = {isa = PBXFileReference; lastKnownFileType = image.png; path = popoverArrowDown.png; sourceTree = "<group>"; };
		A3DC05581424D636000CF95F /* popoverArrowDown@2x.png */ = {isa = PBXFileReference; lastKnownFileType = image.png; path = "popoverArrowDown@2x.png"; sourceTree = "<group>"; };
		A3DC05591424D636000CF95F /* popoverArrowLeft.png */ = {isa = PBXFileReference; lastKnownFileType = image.png; path = popoverArrowLeft.png; sourceTree = "<group>"; };
		A3DC055A1424D636000CF95F /* popoverArrowLeft@2x.png */ = {isa = PBXFileReference; lastKnownFileType = image.png; path = "popoverArrowLeft@2x.png"; sourceTree = "<group>"; };
		A3DC055B1424D636000CF95F /* popoverArrowRight.png */ = {isa = PBXFileReference; lastKnownFileType = image.png; path = popoverArrowRight.png; sourceTree = "<group>"; };
		A3DC055C1424D636000CF95F /* popoverArrowRight@2x.png */ = {isa = PBXFileReference; lastKnownFileType = image.png; path = "popoverArrowRight@2x.png"; sourceTree = "<group>"; };
		A3DC055D1424D636000CF95F /* popoverArrowUp.png */ = {isa = PBXFileReference; lastKnownFileType = image.png; path = popoverArrowUp.png; sourceTree = "<group>"; };
		A3DC055E1424D636000CF95F /* popoverArrowUp@2x.png */ = {isa = PBXFileReference; lastKnownFileType = image.png; path = "popoverArrowUp@2x.png"; sourceTree = "<group>"; };
		A3DC055F1424D636000CF95F /* popoverBg.png */ = {isa = PBXFileReference; lastKnownFileType = image.png; path = popoverBg.png; sourceTree = "<group>"; };
		A3DC05601424D636000CF95F /* popoverBg@2x.png */ = {isa = PBXFileReference; lastKnownFileType = image.png; path = "popoverBg@2x.png"; sourceTree = "<group>"; };
		A3EC8EC2141F7B70001E52BD /* PRPTiledLayer.h */ = {isa = PBXFileReference; fileEncoding = 4; lastKnownFileType = sourcecode.c.h; path = PRPTiledLayer.h; sourceTree = "<group>"; };
		A3EC8EC3141F7B70001E52BD /* PRPTiledLayer.m */ = {isa = PBXFileReference; fileEncoding = 4; lastKnownFileType = sourcecode.c.objc; path = PRPTiledLayer.m; sourceTree = "<group>"; };
		A3EC8EC4141F7B70001E52BD /* PRPTileView.h */ = {isa = PBXFileReference; fileEncoding = 4; lastKnownFileType = sourcecode.c.h; path = PRPTileView.h; sourceTree = "<group>"; };
		A3EC8EC5141F7B70001E52BD /* PRPTileView.m */ = {isa = PBXFileReference; fileEncoding = 4; lastKnownFileType = sourcecode.c.objc; lineEnding = 0; path = PRPTileView.m; sourceTree = "<group>"; xcLanguageSpecificationIdentifier = xcode.lang.objc; };
		A3EC8EC8141F7BE0001E52BD /* MediaPlayer.framework */ = {isa = PBXFileReference; lastKnownFileType = wrapper.framework; name = MediaPlayer.framework; path = System/Library/Frameworks/MediaPlayer.framework; sourceTree = SDKROOT; };
		A3EC8EC9141F7BE0001E52BD /* QuartzCore.framework */ = {isa = PBXFileReference; lastKnownFileType = wrapper.framework; name = QuartzCore.framework; path = System/Library/Frameworks/QuartzCore.framework; sourceTree = SDKROOT; };
		A3EC8ECC141F7EC2001E52BD /* missing.png */ = {isa = PBXFileReference; lastKnownFileType = image.png; path = missing.png; sourceTree = "<group>"; };
		A3EE4F4F142A092F00591E9C /* icon.png */ = {isa = PBXFileReference; lastKnownFileType = image.png; path = icon.png; sourceTree = "<group>"; };
/* End PBXFileReference section */

/* Begin PBXFrameworksBuildPhase section */
		733062791412D98300D6755C /* Frameworks */ = {
			isa = PBXFrameworksBuildPhase;
			buildActionMask = 2147483647;
			files = (
				A346B3E5142763C4000127E8 /* MessageUI.framework in Frameworks */,
				A3EC8ECA141F7BE0001E52BD /* MediaPlayer.framework in Frameworks */,
				A3EC8ECB141F7BE0001E52BD /* QuartzCore.framework in Frameworks */,
				73E5EDD81417850100E7D61F /* MapKit.framework in Frameworks */,
				73E5EDD6141702B000E7D61F /* libObjectiveFlickr.a in Frameworks */,
				73E5EDA71416D4C600E7D61F /* CFNetwork.framework in Frameworks */,
				733062811412D98300D6755C /* UIKit.framework in Frameworks */,
				733062831412D98300D6755C /* Foundation.framework in Frameworks */,
				733062851412D98300D6755C /* CoreGraphics.framework in Frameworks */,
			);
			runOnlyForDeploymentPostprocessing = 0;
		};
/* End PBXFrameworksBuildPhase section */

/* Begin PBXGroup section */
		733062711412D98300D6755C = {
			isa = PBXGroup;
			children = (
				A346B3E4142763C4000127E8 /* MessageUI.framework */,
				A3EC8EC8141F7BE0001E52BD /* MediaPlayer.framework */,
				A3EC8EC9141F7BE0001E52BD /* QuartzCore.framework */,
				A3EC8EC1141F7B4B001E52BD /* Extra */,
				A346431414197F220003FD8C /* Resources */,
				73E5EDD71417850100E7D61F /* MapKit.framework */,
				733062861412D98300D6755C /* utility */,
				7330627F1412D98300D6755C /* Frameworks */,
				7330627D1412D98300D6755C /* Products */,
			);
			sourceTree = "<group>";
		};
		7330627D1412D98300D6755C /* Products */ = {
			isa = PBXGroup;
			children = (
				7330627C1412D98300D6755C /* utility.app */,
			);
			name = Products;
			sourceTree = "<group>";
		};
		7330627F1412D98300D6755C /* Frameworks */ = {
			isa = PBXGroup;
			children = (
				73E5EDA61416D4C600E7D61F /* CFNetwork.framework */,
				733062801412D98300D6755C /* UIKit.framework */,
				733062821412D98300D6755C /* Foundation.framework */,
				733062841412D98300D6755C /* CoreGraphics.framework */,
			);
			name = Frameworks;
			sourceTree = "<group>";
		};
		733062861412D98300D6755C /* utility */ = {
			isa = PBXGroup;
			children = (
				73F142F8141BA53D00C12473 /* Session.h */,
				73F142F9141BA53D00C12473 /* Session.m */,
				73AFC1D91419AB680062A501 /* Photo.h */,
				73AFC1DA1419AB680062A501 /* Photo.m */,
				7330628F1412D98300D6755C /* utilityAppDelegate.h */,
				733062901412D98300D6755C /* utilityAppDelegate.m */,
				733062951412D98300D6755C /* MainViewController.h */,
				733062961412D98300D6755C /* MainViewController.m */,
				7330629A1412D98300D6755C /* FlipsideViewController.h */,
				7330629B1412D98300D6755C /* FlipsideViewController.m */,
				733062871412D98300D6755C /* Supporting Files */,
			);
			path = utility;
			sourceTree = "<group>";
		};
		733062871412D98300D6755C /* Supporting Files */ = {
			isa = PBXGroup;
			children = (
				73E5EDCA1417025500E7D61F /* ObjectiveFlickr.xcodeproj */,
				733062881412D98300D6755C /* utility-Info.plist */,
				733062891412D98300D6755C /* InfoPlist.strings */,
				7330628C1412D98300D6755C /* main.m */,
				7330628E1412D98300D6755C /* utility-Prefix.pch */,
			);
			name = "Supporting Files";
			sourceTree = "<group>";
		};
		73E5EDCB1417025500E7D61F /* Products */ = {
			isa = PBXGroup;
			children = (
				73E5EDD31417025500E7D61F /* libObjectiveFlickr.a */,
			);
			name = Products;
			sourceTree = "<group>";
		};
		A346431414197F220003FD8C /* Resources */ = {
			isa = PBXGroup;
			children = (
				73AB1B9014354A1E0053A8D8 /* Default.png */,
				A3EE4F4F142A092F00591E9C /* icon.png */,
				A3DC05571424D636000CF95F /* popoverArrowDown.png */,
				A3DC05581424D636000CF95F /* popoverArrowDown@2x.png */,
				A3DC05591424D636000CF95F /* popoverArrowLeft.png */,
				A3DC055A1424D636000CF95F /* popoverArrowLeft@2x.png */,
				A3DC055B1424D636000CF95F /* popoverArrowRight.png */,
				A3DC055C1424D636000CF95F /* popoverArrowRight@2x.png */,
				A3DC055D1424D636000CF95F /* popoverArrowUp.png */,
				A3DC055E1424D636000CF95F /* popoverArrowUp@2x.png */,
				A3DC055F1424D636000CF95F /* popoverBg.png */,
				A3DC05601424D636000CF95F /* popoverBg@2x.png */,
				73E5EDD91417883300E7D61F /* InfoView.xib */,
				73C02596143B296C00ADD23F /* InfoViewEx.xib */,
				7330629D1412D98300D6755C /* FlipsideView.xib */,
				733062921412D98300D6755C /* MainWindow.xib */,
				733062981412D98300D6755C /* MainView.xib */,
				A38EEDAA1424005500038D9B /* 74-location.png */,
				A3EC8ECC141F7EC2001E52BD /* missing.png */,
				73F14312141CF02C00C12473 /* 06-magnify WHITE.png */,
				73F14310141CE71C00C12473 /* 01-refresh.png */,
				73F1430E141BBBAB00C12473 /* 179-notepad.png */,
				73F1430C141BBB0600C12473 /* 19-gear.png */,
				73F1430A141BBAE100C12473 /* 42-photos.png */,
				A346431214197F060003FD8C /* 06-magnify.png */,
			);
			name = Resources;
			sourceTree = "<group>";
		};
		A346B3D91427613C000127E8 /* SVWebViewController */ = {
			isa = PBXGroup;
			children = (
				A346B3DA1427613C000127E8 /* SVWebViewController.bundle */,
				A346B3DB1427613C000127E8 /* SVWebViewController.h */,
				A346B3DC1427613C000127E8 /* SVWebViewController.m */,
			);
			path = SVWebViewController;
			sourceTree = "<group>";
		};
		A3EC8EC1141F7B4B001E52BD /* Extra */ = {
			isa = PBXGroup;
			children = (
				A346B3D91427613C000127E8 /* SVWebViewController */,
				A3DC05471424C787000CF95F /* WEPopoverContainerView.h */,
				A3DC05481424C787000CF95F /* WEPopoverContainerView.m */,
				A3DC05491424C787000CF95F /* WEPopoverController.h */,
				A3DC054A1424C787000CF95F /* WEPopoverController.m */,
				A3DC054B1424C787000CF95F /* WEPopoverParentView.h */,
				A329700B14237266009CC6E3 /* MBProgressHUD.h */,
				A329700C14237266009CC6E3 /* MBProgressHUD.m */,
				A3EC8EC2141F7B70001E52BD /* PRPTiledLayer.h */,
				A3EC8EC3141F7B70001E52BD /* PRPTiledLayer.m */,
				A3EC8EC4141F7B70001E52BD /* PRPTileView.h */,
				A3EC8EC5141F7B70001E52BD /* PRPTileView.m */,
			);
			name = Extra;
			sourceTree = "<group>";
		};
/* End PBXGroup section */

/* Begin PBXNativeTarget section */
		7330627B1412D98300D6755C /* utility */ = {
			isa = PBXNativeTarget;
			buildConfigurationList = 733062A11412D98300D6755C /* Build configuration list for PBXNativeTarget "utility" */;
			buildPhases = (
				733062781412D98300D6755C /* Sources */,
				733062791412D98300D6755C /* Frameworks */,
				7330627A1412D98300D6755C /* Resources */,
			);
			buildRules = (
			);
			dependencies = (
				73E5EDD51417029B00E7D61F /* PBXTargetDependency */,
			);
			name = utility;
			productName = utility;
			productReference = 7330627C1412D98300D6755C /* utility.app */;
			productType = "com.apple.product-type.application";
		};
/* End PBXNativeTarget section */

/* Begin PBXProject section */
		733062731412D98300D6755C /* Project object */ = {
			isa = PBXProject;
			attributes = {
				LastUpgradeCheck = 0420;
				ORGANIZATIONNAME = "blue sky computing";
			};
			buildConfigurationList = 733062761412D98300D6755C /* Build configuration list for PBXProject "utility" */;
			compatibilityVersion = "Xcode 3.2";
			developmentRegion = English;
			hasScannedForEncodings = 0;
			knownRegions = (
				en,
			);
			mainGroup = 733062711412D98300D6755C;
			productRefGroup = 7330627D1412D98300D6755C /* Products */;
			projectDirPath = "";
			projectReferences = (
				{
					ProductGroup = 73E5EDCB1417025500E7D61F /* Products */;
					ProjectRef = 73E5EDCA1417025500E7D61F /* ObjectiveFlickr.xcodeproj */;
				},
			);
			projectRoot = "";
			targets = (
				7330627B1412D98300D6755C /* utility */,
			);
		};
/* End PBXProject section */

/* Begin PBXReferenceProxy section */
		73E5EDD31417025500E7D61F /* libObjectiveFlickr.a */ = {
			isa = PBXReferenceProxy;
			fileType = archive.ar;
			path = libObjectiveFlickr.a;
			remoteRef = 73E5EDD21417025500E7D61F /* PBXContainerItemProxy */;
			sourceTree = BUILT_PRODUCTS_DIR;
		};
/* End PBXReferenceProxy section */

/* Begin PBXResourcesBuildPhase section */
		7330627A1412D98300D6755C /* Resources */ = {
			isa = PBXResourcesBuildPhase;
			buildActionMask = 2147483647;
			files = (
				7330628B1412D98300D6755C /* InfoPlist.strings in Resources */,
				733062941412D98300D6755C /* MainWindow.xib in Resources */,
				733062991412D98300D6755C /* MainView.xib in Resources */,
				7330629E1412D98300D6755C /* FlipsideView.xib in Resources */,
				73E5EDDA1417883300E7D61F /* InfoView.xib in Resources */,
				A346431314197F060003FD8C /* 06-magnify.png in Resources */,
				73F1430B141BBAE100C12473 /* 42-photos.png in Resources */,
				73F1430D141BBB0600C12473 /* 19-gear.png in Resources */,
				73F1430F141BBBAB00C12473 /* 179-notepad.png in Resources */,
				73F14311141CE71C00C12473 /* 01-refresh.png in Resources */,
				73F14313141CF02C00C12473 /* 06-magnify WHITE.png in Resources */,
				A3EC8ECD141F7EC2001E52BD /* missing.png in Resources */,
				A38EEDAB1424005500038D9B /* 74-location.png in Resources */,
				A3DC05611424D636000CF95F /* popoverArrowDown.png in Resources */,
				A3DC05621424D636000CF95F /* popoverArrowDown@2x.png in Resources */,
				A3DC05631424D636000CF95F /* popoverArrowLeft.png in Resources */,
				A3DC05641424D636000CF95F /* popoverArrowLeft@2x.png in Resources */,
				A3DC05651424D636000CF95F /* popoverArrowRight.png in Resources */,
				A3DC05661424D636000CF95F /* popoverArrowRight@2x.png in Resources */,
				A3DC05671424D636000CF95F /* popoverArrowUp.png in Resources */,
				A3DC05681424D636000CF95F /* popoverArrowUp@2x.png in Resources */,
				A3DC05691424D636000CF95F /* popoverBg.png in Resources */,
				A3DC056A1424D636000CF95F /* popoverBg@2x.png in Resources */,
				A346B3DD1427613C000127E8 /* SVWebViewController.bundle in Resources */,
				A3EE4F50142A092F00591E9C /* icon.png in Resources */,
				73AB1B9114354A1E0053A8D8 /* Default.png in Resources */,
				73C02597143B296C00ADD23F /* InfoViewEx.xib in Resources */,
			);
			runOnlyForDeploymentPostprocessing = 0;
		};
/* End PBXResourcesBuildPhase section */

/* Begin PBXSourcesBuildPhase section */
		733062781412D98300D6755C /* Sources */ = {
			isa = PBXSourcesBuildPhase;
			buildActionMask = 2147483647;
			files = (
				7330628D1412D98300D6755C /* main.m in Sources */,
				733062911412D98300D6755C /* utilityAppDelegate.m in Sources */,
				733062971412D98300D6755C /* MainViewController.m in Sources */,
				7330629C1412D98300D6755C /* FlipsideViewController.m in Sources */,
				73AFC1DB1419AB680062A501 /* Photo.m in Sources */,
				73F142FA141BA53D00C12473 /* Session.m in Sources */,
				A3EC8EC6141F7B70001E52BD /* PRPTiledLayer.m in Sources */,
				A3EC8EC7141F7B70001E52BD /* PRPTileView.m in Sources */,
				A329700D14237266009CC6E3 /* MBProgressHUD.m in Sources */,
				A3DC054C1424C787000CF95F /* WEPopoverContainerView.m in Sources */,
				A3DC054D1424C787000CF95F /* WEPopoverController.m in Sources */,
				A346B3DE1427613C000127E8 /* SVWebViewController.m in Sources */,
			);
			runOnlyForDeploymentPostprocessing = 0;
		};
/* End PBXSourcesBuildPhase section */

/* Begin PBXTargetDependency section */
		73E5EDD51417029B00E7D61F /* PBXTargetDependency */ = {
			isa = PBXTargetDependency;
			name = "ObjectiveFlickr (library)";
			targetProxy = 73E5EDD41417029B00E7D61F /* PBXContainerItemProxy */;
		};
/* End PBXTargetDependency section */

/* Begin PBXVariantGroup section */
		733062891412D98300D6755C /* InfoPlist.strings */ = {
			isa = PBXVariantGroup;
			children = (
				7330628A1412D98300D6755C /* en */,
			);
			name = InfoPlist.strings;
			sourceTree = "<group>";
		};
		733062921412D98300D6755C /* MainWindow.xib */ = {
			isa = PBXVariantGroup;
			children = (
				733062931412D98300D6755C /* en */,
			);
			name = MainWindow.xib;
			path = utility;
			sourceTree = "<group>";
		};
/* End PBXVariantGroup section */

/* Begin XCBuildConfiguration section */
		7330629F1412D98300D6755C /* Debug */ = {
			isa = XCBuildConfiguration;
			buildSettings = {
				ALWAYS_SEARCH_USER_PATHS = NO;
				ARCHS = "$(ARCHS_STANDARD_32_BIT)";
				"CODE_SIGN_IDENTITY[sdk=iphoneos*]" = "iPhone Developer";
				COPY_PHASE_STRIP = NO;
				GCC_C_LANGUAGE_STANDARD = gnu99;
				GCC_DYNAMIC_NO_PIC = NO;
				GCC_OPTIMIZATION_LEVEL = 0;
				GCC_PREPROCESSOR_DEFINITIONS = (
					"DEBUG=1",
					"$(inherited)",
				);
				GCC_SYMBOLS_PRIVATE_EXTERN = NO;
				GCC_VERSION = com.apple.compilers.llvm.clang.1_0;
				GCC_WARN_ABOUT_MISSING_PROTOTYPES = YES;
				GCC_WARN_ABOUT_RETURN_TYPE = YES;
				GCC_WARN_UNUSED_VARIABLE = YES;
				IPHONEOS_DEPLOYMENT_TARGET = 4.3;
				"PROVISIONING_PROFILE[sdk=iphoneos*]" = "";
				SDKROOT = iphoneos;
			};
			name = Debug;
		};
		733062A01412D98300D6755C /* Release */ = {
			isa = XCBuildConfiguration;
			buildSettings = {
				ALWAYS_SEARCH_USER_PATHS = NO;
				ARCHS = "$(ARCHS_STANDARD_32_BIT)";
				"CODE_SIGN_IDENTITY[sdk=iphoneos*]" = "iPhone Distribution";
				COPY_PHASE_STRIP = YES;
				GCC_C_LANGUAGE_STANDARD = gnu99;
				GCC_VERSION = com.apple.compilers.llvm.clang.1_0;
				GCC_WARN_ABOUT_MISSING_PROTOTYPES = YES;
				GCC_WARN_ABOUT_RETURN_TYPE = YES;
				GCC_WARN_UNUSED_VARIABLE = YES;
				IPHONEOS_DEPLOYMENT_TARGET = 4.3;
				OTHER_CFLAGS = "-DNS_BLOCK_ASSERTIONS=1";
				"PROVISIONING_PROFILE[sdk=iphoneos*]" = "";
				SDKROOT = iphoneos;
				VALIDATE_PRODUCT = YES;
			};
			name = Release;
		};
		733062A21412D98300D6755C /* Debug */ = {
			isa = XCBuildConfiguration;
			buildSettings = {
				GCC_PRECOMPILE_PREFIX_HEADER = YES;
				GCC_PREFIX_HEADER = "utility/utility-Prefix.pch";
				GCC_VERSION = com.apple.compilers.llvm.clang.1_0;
				"HEADER_SEARCH_PATHS[arch=*]" = (
					../objectiveflickr/Source,
					../objectiveflickr/LFWebAPIKit,
				);
				INFOPLIST_FILE = "utility/utility-Info.plist";
				PRODUCT_NAME = "$(TARGET_NAME)";
				WRAPPER_EXTENSION = app;
			};
			name = Debug;
		};
		733062A31412D98300D6755C /* Release */ = {
			isa = XCBuildConfiguration;
			buildSettings = {
				"CODE_SIGN_IDENTITY[sdk=iphoneos*]" = "iPhone Distribution: stephen eshelman";
				GCC_PRECOMPILE_PREFIX_HEADER = YES;
				GCC_PREFIX_HEADER = "utility/utility-Prefix.pch";
				GCC_VERSION = com.apple.compilers.llvm.clang.1_0;
				"HEADER_SEARCH_PATHS[arch=*]" = (
					../objectiveflickr/Source,
					../objectiveflickr/LFWebAPIKit,
				);
				INFOPLIST_FILE = "utility/utility-Info.plist";
				PRODUCT_NAME = "$(TARGET_NAME)";
				"PROVISIONING_PROFILE[sdk=iphoneos*]" = "27F51451-3003-489D-98F9-6140CEA0DC5B";
				WRAPPER_EXTENSION = app;
			};
			name = Release;
		};
/* End XCBuildConfiguration section */

/* Begin XCConfigurationList section */
		733062761412D98300D6755C /* Build configuration list for PBXProject "utility" */ = {
			isa = XCConfigurationList;
			buildConfigurations = (
				7330629F1412D98300D6755C /* Debug */,
				733062A01412D98300D6755C /* Release */,
			);
			defaultConfigurationIsVisible = 0;
			defaultConfigurationName = Release;
		};
		733062A11412D98300D6755C /* Build configuration list for PBXNativeTarget "utility" */ = {
			isa = XCConfigurationList;
			buildConfigurations = (
				733062A21412D98300D6755C /* Debug */,
				733062A31412D98300D6755C /* Release */,
			);
			defaultConfigurationIsVisible = 0;
			defaultConfigurationName = Release;
		};
/* End XCConfigurationList section */
	};
	rootObject = 733062731412D98300D6755C /* Project object */;
}
